PODS:
  - GTFoundation (0.1.4):
    - GTFoundation/Colors (= 0.1.4)
  - GTFoundation/Colors (0.1.4)
  - GTLocation (0.0.94):
    - GTFoundation (~> 0.1)

DEPENDENCIES:
  - GTLocation (from `./../`)

EXTERNAL SOURCES:
  GTLocation:
    :path: ./../

SPEC CHECKSUMS:
  GTFoundation: ef904d0c4d1981c55edbf229444654822ff6b06c
  GTLocation: 6ccb794fdf51bc11511c694e32778e6623256290

COCOAPODS: 0.35.0
